{
  "requires": true,
  "lockfileVersion": 1,
  "dependencies": {
    "react-minimal-pie-chart": {
      "version": "8.0.1",
      "resolved": "https://registry.npmjs.org/react-minimal-pie-chart/-/react-minimal-pie-chart-8.0.1.tgz",
      "integrity": "sha512-XbWpt3dLuQn0PDLbrTkdkZh21pf5sraJ2fy37VeeCi9+5ndf+Adnr0alBZ0NaA45tMjPhcSig7pB9afrMm/VDQ=="
    },
    "yarn": {
      "version": "1.22.10",
      "resolved": "https://registry.npmjs.org/yarn/-/yarn-1.22.10.tgz",
      "integrity": "sha512-IanQGI9RRPAN87VGTF7zs2uxkSyQSrSPsju0COgbsKQOOXr5LtcVPeyXWgwVa0ywG3d8dg6kSYKGBuYK021qeA=="
    }
  }
}
